
Microsoft Visual Studio Solution File, Format Version 12.00
# Visual Studio Version 17
VisualStudioVersion = 17.8.34309.116
MinimumVisualStudioVersion = 10.0.40219.1
Project("{FAE04EC0-301F-11D3-BF4B-00C04F79EFBC}") = "DemoPaint", "DemoPaint\DemoPaint.csproj", "{C962AC49-945F-4A95-A370-6019CAAEBE81}"
EndProject
Project("{FAE04EC0-301F-11D3-BF4B-00C04F79EFBC}") = "IShape", "IShape\IShape.csproj", "{8423C861-2256-4949-82B5-3D2F62F67911}"
EndProject
Project("{FAE04EC0-301F-11D3-BF4B-00C04F79EFBC}") = "LineLib", "LineLib\LineLib.csproj", "{12002C25-29FB-4F6E-B72D-6C2CD4E31E0B}"
EndProject
Project("{FAE04EC0-301F-11D3-BF4B-00C04F79EFBC}") = "RentangleLib", "RentangleLib\RentangleLib.csproj", "{72048067-2AEB-4CF1-ADD3-EF4A56CC1E61}"
EndProject
Project("{FAE04EC0-301F-11D3-BF4B-00C04F79EFBC}") = "EllipseLib", "EllipseLib\EllipseLib.csproj", "{54F3723C-ECAC-4B07-A856-4318BBB57C67}"
EndProject
Global
	GlobalSection(SolutionConfigurationPlatforms) = preSolution
		Debug|Any CPU = Debug|Any CPU
		Release|Any CPU = Release|Any CPU
	EndGlobalSection
	GlobalSection(ProjectConfigurationPlatforms) = postSolution
		{C962AC49-945F-4A95-A370-6019CAAEBE81}.Debug|Any CPU.ActiveCfg = Debug|Any CPU
		{C962AC49-945F-4A95-A370-6019CAAEBE81}.Debug|Any CPU.Build.0 = Debug|Any CPU
		{C962AC49-945F-4A95-A370-6019CAAEBE81}.Release|Any CPU.ActiveCfg = Release|Any CPU
		{C962AC49-945F-4A95-A370-6019CAAEBE81}.Release|Any CPU.Build.0 = Release|Any CPU
		{8423C861-2256-4949-82B5-3D2F62F67911}.Debug|Any CPU.ActiveCfg = Debug|Any CPU
		{8423C861-2256-4949-82B5-3D2F62F67911}.Debug|Any CPU.Build.0 = Debug|Any CPU
		{8423C861-2256-4949-82B5-3D2F62F67911}.Release|Any CPU.ActiveCfg = Release|Any CPU
		{8423C861-2256-4949-82B5-3D2F62F67911}.Release|Any CPU.Build.0 = Release|Any CPU
		{12002C25-29FB-4F6E-B72D-6C2CD4E31E0B}.Debug|Any CPU.ActiveCfg = Debug|Any CPU
		{12002C25-29FB-4F6E-B72D-6C2CD4E31E0B}.Debug|Any CPU.Build.0 = Debug|Any CPU
		{12002C25-29FB-4F6E-B72D-6C2CD4E31E0B}.Release|Any CPU.ActiveCfg = Release|Any CPU
		{12002C25-29FB-4F6E-B72D-6C2CD4E31E0B}.Release|Any CPU.Build.0 = Release|Any CPU
		{72048067-2AEB-4CF1-ADD3-EF4A56CC1E61}.Debug|Any CPU.ActiveCfg = Debug|Any CPU
		{72048067-2AEB-4CF1-ADD3-EF4A56CC1E61}.Debug|Any CPU.Build.0 = Debug|Any CPU
		{72048067-2AEB-4CF1-ADD3-EF4A56CC1E61}.Release|Any CPU.ActiveCfg = Release|Any CPU
		{72048067-2AEB-4CF1-ADD3-EF4A56CC1E61}.Release|Any CPU.Build.0 = Release|Any CPU
		{54F3723C-ECAC-4B07-A856-4318BBB57C67}.Debug|Any CPU.ActiveCfg = Debug|Any CPU
		{54F3723C-ECAC-4B07-A856-4318BBB57C67}.Debug|Any CPU.Build.0 = Debug|Any CPU
		{54F3723C-ECAC-4B07-A856-4318BBB57C67}.Release|Any CPU.ActiveCfg = Release|Any CPU
		{54F3723C-ECAC-4B07-A856-4318BBB57C67}.Release|Any CPU.Build.0 = Release|Any CPU
	EndGlobalSection
	GlobalSection(SolutionProperties) = preSolution
		HideSolutionNode = FALSE
	EndGlobalSection
	GlobalSection(ExtensibilityGlobals) = postSolution
		SolutionGuid = {49BDF17A-04B7-4959-A791-674A8CDA9145}
	EndGlobalSection
EndGlobal
